// !$*UTF8*$!
{
	archiveVersion = 1;
	classes = {
	};
	objectVersion = 55;
	objects = {

/* Begin PBXBuildFile section */
		AD0ABBC0286666E900736753 /* ProfileView.swift in Sources */ = {isa = PBXBuildFile; fileRef = AD0ABBBF286666E900736753 /* ProfileView.swift */; };
		AD0ABBC328666A0600736753 /* RoundedImage.swift in Sources */ = {isa = PBXBuildFile; fileRef = AD0ABBC228666A0600736753 /* RoundedImage.swift */; };
		AD0ABBC628666AB100736753 /* Kingfisher in Frameworks */ = {isa = PBXBuildFile; productRef = AD0ABBC528666AB100736753 /* Kingfisher */; };
		AD0E3216286CD81B001AD9CC /* UserManager.swift in Sources */ = {isa = PBXBuildFile; fileRef = AD0E3215286CD81B001AD9CC /* UserManager.swift */; };
		AD0E3218286CD87A001AD9CC /* User.swift in Sources */ = {isa = PBXBuildFile; fileRef = AD0E3217286CD87A001AD9CC /* User.swift */; };
		AD0E321B286CDA82001AD9CC /* LikesView.swift in Sources */ = {isa = PBXBuildFile; fileRef = AD0E321A286CDA82001AD9CC /* LikesView.swift */; };
		AD14634728756F8200D37BA0 /* Subscription.swift in Sources */ = {isa = PBXBuildFile; fileRef = AD14634628756F8200D37BA0 /* Subscription.swift */; };
		AD1A9F1E286F2C2900F4641B /* TopPicksView.swift in Sources */ = {isa = PBXBuildFile; fileRef = AD1A9F1D286F2C2900F4641B /* TopPicksView.swift */; };
		AD1A9F20286F2F6C00F4641B /* MatchesView.swift in Sources */ = {isa = PBXBuildFile; fileRef = AD1A9F1F286F2F6C00F4641B /* MatchesView.swift */; };
		AD2EC4212865E18B00E951B3 /* AppStateManager.swift in Sources */ = {isa = PBXBuildFile; fileRef = AD2EC4202865E18B00E951B3 /* AppStateManager.swift */; };
		AD2EC4232865E45A00E951B3 /* Extensions.swift in Sources */ = {isa = PBXBuildFile; fileRef = AD2EC4222865E45A00E951B3 /* Extensions.swift */; };
		AD5D580D286C516D008DD98F /* MessageListView.swift in Sources */ = {isa = PBXBuildFile; fileRef = AD5D580C286C516D008DD98F /* MessageListView.swift */; };
		AD5D580F286C51CF008DD98F /* MessageListVM.swift in Sources */ = {isa = PBXBuildFile; fileRef = AD5D580E286C51CF008DD98F /* MessageListVM.swift */; };
		AD5DDA28286C820A00477914 /* MessageRowView.swift in Sources */ = {isa = PBXBuildFile; fileRef = AD5DDA27286C820A00477914 /* MessageRowView.swift */; };
		AD64A7172869DE9B007F841D /* ChatView.swift in Sources */ = {isa = PBXBuildFile; fileRef = AD64A7162869DE9B007F841D /* ChatView.swift */; };
		AD6A71C328755EBC005BD908 /* PurchaseSwipePromo.swift in Sources */ = {isa = PBXBuildFile; fileRef = AD6A71C228755EBC005BD908 /* PurchaseSwipePromo.swift */; };
		AD782B40286CFCEB000044CB /* PersonSquare.swift in Sources */ = {isa = PBXBuildFile; fileRef = AD782B3F286CFCEB000044CB /* PersonSquare.swift */; };
		AD78E985286B1F49002DCA6A /* ChatViewHeader.swift in Sources */ = {isa = PBXBuildFile; fileRef = AD78E984286B1F49002DCA6A /* ChatViewHeader.swift */; };
		AD7954A8286703F900DF4C54 /* ProfileSwipePromo.swift in Sources */ = {isa = PBXBuildFile; fileRef = AD7954A7286703F900DF4C54 /* ProfileSwipePromo.swift */; };
		AD86A0242871AEA5003AC461 /* PurchasePopup.swift in Sources */ = {isa = PBXBuildFile; fileRef = AD86A0232871AEA5003AC461 /* PurchasePopup.swift */; };
		AD86A0272871B1AF003AC461 /* ChatManager.swift in Sources */ = {isa = PBXBuildFile; fileRef = AD86A0262871B1AF003AC461 /* ChatManager.swift */; };
		AD95018B28649BD7004F7836 /* BuildTinderAppApp.swift in Sources */ = {isa = PBXBuildFile; fileRef = AD95018A28649BD7004F7836 /* BuildTinderAppApp.swift */; };
		AD95018D28649BD7004F7836 /* ContentView.swift in Sources */ = {isa = PBXBuildFile; fileRef = AD95018C28649BD7004F7836 /* ContentView.swift */; };
		AD95018F28649BD8004F7836 /* Assets.xcassets in Resources */ = {isa = PBXBuildFile; fileRef = AD95018E28649BD8004F7836 /* Assets.xcassets */; };
		AD95019228649BD8004F7836 /* Preview Assets.xcassets in Resources */ = {isa = PBXBuildFile; fileRef = AD95019128649BD8004F7836 /* Preview Assets.xcassets */; };
		AD95019B28649ECC004F7836 /* MainView.swift in Sources */ = {isa = PBXBuildFile; fileRef = AD95019A28649ECC004F7836 /* MainView.swift */; };
		AD95019D2864A047004F7836 /* TabBarButtonView.swift in Sources */ = {isa = PBXBuildFile; fileRef = AD95019C2864A047004F7836 /* TabBarButtonView.swift */; };
		AD9E86E628688F7E00058074 /* Message.swift in Sources */ = {isa = PBXBuildFile; fileRef = AD9E86E528688F7E00058074 /* Message.swift */; };
		ADA3FC12286893D5006A2417 /* Person.swift in Sources */ = {isa = PBXBuildFile; fileRef = ADA3FC11286893D5006A2417 /* Person.swift */; };
		ADA3FC1428689676006A2417 /* MessagePreview.swift in Sources */ = {isa = PBXBuildFile; fileRef = ADA3FC1328689676006A2417 /* MessagePreview.swift */; };
		ADA3FC162868977C006A2417 /* MessageView.swift in Sources */ = {isa = PBXBuildFile; fileRef = ADA3FC152868977C006A2417 /* MessageView.swift */; };
		ADAB3F42287569C30053C9F4 /* PurchaseOptionView.swift in Sources */ = {isa = PBXBuildFile; fileRef = ADAB3F41287569C30053C9F4 /* PurchaseOptionView.swift */; };
/* End PBXBuildFile section */

/* Begin PBXFileReference section */
		AD0ABBBF286666E900736753 /* ProfileView.swift */ = {isa = PBXFileReference; lastKnownFileType = sourcecode.swift; path = ProfileView.swift; sourceTree = "<group>"; };
		AD0ABBC228666A0600736753 /* RoundedImage.swift */ = {isa = PBXFileReference; lastKnownFileType = sourcecode.swift; path = RoundedImage.swift; sourceTree = "<group>"; };
		AD0E3215286CD81B001AD9CC /* UserManager.swift */ = {isa = PBXFileReference; lastKnownFileType = sourcecode.swift; path = UserManager.swift; sourceTree = "<group>"; };
		AD0E3217286CD87A001AD9CC /* User.swift */ = {isa = PBXFileReference; lastKnownFileType = sourcecode.swift; path = User.swift; sourceTree = "<group>"; };
		AD0E321A286CDA82001AD9CC /* LikesView.swift */ = {isa = PBXFileReference; lastKnownFileType = sourcecode.swift; path = LikesView.swift; sourceTree = "<group>"; };
		AD14634628756F8200D37BA0 /* Subscription.swift */ = {isa = PBXFileReference; lastKnownFileType = sourcecode.swift; path = Subscription.swift; sourceTree = "<group>"; };
		AD1A9F1D286F2C2900F4641B /* TopPicksView.swift */ = {isa = PBXFileReference; lastKnownFileType = sourcecode.swift; path = TopPicksView.swift; sourceTree = "<group>"; };
		AD1A9F1F286F2F6C00F4641B /* MatchesView.swift */ = {isa = PBXFileReference; lastKnownFileType = sourcecode.swift; path = MatchesView.swift; sourceTree = "<group>"; };
		AD2EC4202865E18B00E951B3 /* AppStateManager.swift */ = {isa = PBXFileReference; lastKnownFileType = sourcecode.swift; path = AppStateManager.swift; sourceTree = "<group>"; };
		AD2EC4222865E45A00E951B3 /* Extensions.swift */ = {isa = PBXFileReference; lastKnownFileType = sourcecode.swift; path = Extensions.swift; sourceTree = "<group>"; };
		AD5D580C286C516D008DD98F /* MessageListView.swift */ = {isa = PBXFileReference; lastKnownFileType = sourcecode.swift; path = MessageListView.swift; sourceTree = "<group>"; };
		AD5D580E286C51CF008DD98F /* MessageListVM.swift */ = {isa = PBXFileReference; lastKnownFileType = sourcecode.swift; path = MessageListVM.swift; sourceTree = "<group>"; };
		AD5DDA27286C820A00477914 /* MessageRowView.swift */ = {isa = PBXFileReference; lastKnownFileType = sourcecode.swift; path = MessageRowView.swift; sourceTree = "<group>"; };
		AD64A7162869DE9B007F841D /* ChatView.swift */ = {isa = PBXFileReference; lastKnownFileType = sourcecode.swift; path = ChatView.swift; sourceTree = "<group>"; };
		AD6A71C228755EBC005BD908 /* PurchaseSwipePromo.swift */ = {isa = PBXFileReference; lastKnownFileType = sourcecode.swift; path = PurchaseSwipePromo.swift; sourceTree = "<group>"; };
		AD782B3F286CFCEB000044CB /* PersonSquare.swift */ = {isa = PBXFileReference; lastKnownFileType = sourcecode.swift; path = PersonSquare.swift; sourceTree = "<group>"; };
		AD78E984286B1F49002DCA6A /* ChatViewHeader.swift */ = {isa = PBXFileReference; lastKnownFileType = sourcecode.swift; path = ChatViewHeader.swift; sourceTree = "<group>"; };
		AD7954A7286703F900DF4C54 /* ProfileSwipePromo.swift */ = {isa = PBXFileReference; lastKnownFileType = sourcecode.swift; path = ProfileSwipePromo.swift; sourceTree = "<group>"; };
		AD86A0232871AEA5003AC461 /* PurchasePopup.swift */ = {isa = PBXFileReference; lastKnownFileType = sourcecode.swift; path = PurchasePopup.swift; sourceTree = "<group>"; };
		AD86A0262871B1AF003AC461 /* ChatManager.swift */ = {isa = PBXFileReference; lastKnownFileType = sourcecode.swift; path = ChatManager.swift; sourceTree = "<group>"; };
		AD95018728649BD7004F7836 /* BuildTinderApp.app */ = {isa = PBXFileReference; explicitFileType = wrapper.application; includeInIndex = 0; path = BuildTinderApp.app; sourceTree = BUILT_PRODUCTS_DIR; };
		AD95018A28649BD7004F7836 /* BuildTinderAppApp.swift */ = {isa = PBXFileReference; lastKnownFileType = sourcecode.swift; path = BuildTinderAppApp.swift; sourceTree = "<group>"; };
		AD95018C28649BD7004F7836 /* ContentView.swift */ = {isa = PBXFileReference; lastKnownFileType = sourcecode.swift; path = ContentView.swift; sourceTree = "<group>"; };
		AD95018E28649BD8004F7836 /* Assets.xcassets */ = {isa = PBXFileReference; lastKnownFileType = folder.assetcatalog; path = Assets.xcassets; sourceTree = "<group>"; };
		AD95019128649BD8004F7836 /* Preview Assets.xcassets */ = {isa = PBXFileReference; lastKnownFileType = folder.assetcatalog; path = "Preview Assets.xcassets"; sourceTree = "<group>"; };
		AD95019A28649ECC004F7836 /* MainView.swift */ = {isa = PBXFileReference; lastKnownFileType = sourcecode.swift; path = MainView.swift; sourceTree = "<group>"; };
		AD95019C2864A047004F7836 /* TabBarButtonView.swift */ = {isa = PBXFileReference; lastKnownFileType = sourcecode.swift; path = TabBarButtonView.swift; sourceTree = "<group>"; };
		AD9E86E528688F7E00058074 /* Message.swift */ = {isa = PBXFileReference; lastKnownFileType = sourcecode.swift; path = Message.swift; sourceTree = "<group>"; };
		ADA3FC11286893D5006A2417 /* Person.swift */ = {isa = PBXFileReference; lastKnownFileType = sourcecode.swift; path = Person.swift; sourceTree = "<group>"; };
		ADA3FC1328689676006A2417 /* MessagePreview.swift */ = {isa = PBXFileReference; lastKnownFileType = sourcecode.swift; path = MessagePreview.swift; sourceTree = "<group>"; };
		ADA3FC152868977C006A2417 /* MessageView.swift */ = {isa = PBXFileReference; lastKnownFileType = sourcecode.swift; path = MessageView.swift; sourceTree = "<group>"; };
		ADAB3F41287569C30053C9F4 /* PurchaseOptionView.swift */ = {isa = PBXFileReference; lastKnownFileType = sourcecode.swift; path = PurchaseOptionView.swift; sourceTree = "<group>"; };
/* End PBXFileReference section */

/* Begin PBXFrameworksBuildPhase section */
		AD95018428649BD7004F7836 /* Frameworks */ = {
			isa = PBXFrameworksBuildPhase;
			buildActionMask = 2147483647;
			files = (
				AD0ABBC628666AB100736753 /* Kingfisher in Frameworks */,
			);
			runOnlyForDeploymentPostprocessing = 0;
		};
/* End PBXFrameworksBuildPhase section */

/* Begin PBXGroup section */
		AD0ABBBE28661B7800736753 /* MainTabBar */ = {
			isa = PBXGroup;
			children = (
				AD95019A28649ECC004F7836 /* MainView.swift */,
				AD95019C2864A047004F7836 /* TabBarButtonView.swift */,
			);
			path = MainTabBar;
			sourceTree = "<group>";
		};
		AD0ABBC12866671300736753 /* Profile */ = {
			isa = PBXGroup;
			children = (
				AD0ABBBF286666E900736753 /* ProfileView.swift */,
				AD7954A7286703F900DF4C54 /* ProfileSwipePromo.swift */,
			);
			path = Profile;
			sourceTree = "<group>";
		};
		AD0E3219286CDA70001AD9CC /* MatchesView */ = {
			isa = PBXGroup;
			children = (
				AD0E321A286CDA82001AD9CC /* LikesView.swift */,
				AD782B3F286CFCEB000044CB /* PersonSquare.swift */,
				AD1A9F1D286F2C2900F4641B /* TopPicksView.swift */,
				AD1A9F1F286F2F6C00F4641B /* MatchesView.swift */,
			);
			path = MatchesView;
			sourceTree = "<group>";
		};
		AD6A71C428756228005BD908 /* Purchase */ = {
			isa = PBXGroup;
			children = (
				AD86A0232871AEA5003AC461 /* PurchasePopup.swift */,
				AD6A71C228755EBC005BD908 /* PurchaseSwipePromo.swift */,
				ADAB3F41287569C30053C9F4 /* PurchaseOptionView.swift */,
			);
			path = Purchase;
			sourceTree = "<group>";
		};
		AD86A0252871AEAA003AC461 /* Popups */ = {
			isa = PBXGroup;
			children = (
				AD6A71C428756228005BD908 /* Purchase */,
			);
			path = Popups;
			sourceTree = "<group>";
		};
		AD95017E28649BD7004F7836 = {
			isa = PBXGroup;
			children = (
				AD95018928649BD7004F7836 /* BuildTinderApp */,
				AD95018828649BD7004F7836 /* Products */,
			);
			sourceTree = "<group>";
		};
		AD95018828649BD7004F7836 /* Products */ = {
			isa = PBXGroup;
			children = (
				AD95018728649BD7004F7836 /* BuildTinderApp.app */,
			);
			name = Products;
			sourceTree = "<group>";
		};
		AD95018928649BD7004F7836 /* BuildTinderApp */ = {
			isa = PBXGroup;
			children = (
				AD2EC4202865E18B00E951B3 /* AppStateManager.swift */,
				AD95018C28649BD7004F7836 /* ContentView.swift */,
				AD0E3215286CD81B001AD9CC /* UserManager.swift */,
				AD95018A28649BD7004F7836 /* BuildTinderAppApp.swift */,
				AD0ABBBE28661B7800736753 /* MainTabBar */,
				AD95018E28649BD8004F7836 /* Assets.xcassets */,
				AD2EC4222865E45A00E951B3 /* Extensions.swift */,
				AD95019028649BD8004F7836 /* Preview Content */,
				AD0ABBC12866671300736753 /* Profile */,
				ADA3FC172868978E006A2417 /* Messages */,
				AD0E3219286CDA70001AD9CC /* MatchesView */,
				AD86A0252871AEAA003AC461 /* Popups */,
				AD9E86E828688FAC00058074 /* Model */,
				AD9E86E728688F9600058074 /* HelperView */,
			);
			path = BuildTinderApp;
			sourceTree = "<group>";
		};
		AD95019028649BD8004F7836 /* Preview Content */ = {
			isa = PBXGroup;
			children = (
				AD0ABBC228666A0600736753 /* RoundedImage.swift */,
				AD95019128649BD8004F7836 /* Preview Assets.xcassets */,
			);
			path = "Preview Content";
			sourceTree = "<group>";
		};
		AD9E86E728688F9600058074 /* HelperView */ = {
			isa = PBXGroup;
			children = (
			);
			path = HelperView;
			sourceTree = "<group>";
		};
		AD9E86E828688FAC00058074 /* Model */ = {
			isa = PBXGroup;
			children = (
				AD9E86E528688F7E00058074 /* Message.swift */,
				ADA3FC11286893D5006A2417 /* Person.swift */,
				ADA3FC1328689676006A2417 /* MessagePreview.swift */,
				AD0E3217286CD87A001AD9CC /* User.swift */,
				AD14634628756F8200D37BA0 /* Subscription.swift */,
			);
			path = Model;
			sourceTree = "<group>";
		};
		ADA3FC172868978E006A2417 /* Messages */ = {
			isa = PBXGroup;
			children = (
				ADA3FC152868977C006A2417 /* MessageView.swift */,
				AD64A7162869DE9B007F841D /* ChatView.swift */,
				AD78E984286B1F49002DCA6A /* ChatViewHeader.swift */,
				AD5D580C286C516D008DD98F /* MessageListView.swift */,
				AD5D580E286C51CF008DD98F /* MessageListVM.swift */,
				AD5DDA27286C820A00477914 /* MessageRowView.swift */,
				AD86A0262871B1AF003AC461 /* ChatManager.swift */,
			);
			path = Messages;
			sourceTree = "<group>";
		};
/* End PBXGroup section */

/* Begin PBXNativeTarget section */
		AD95018628649BD7004F7836 /* BuildTinderApp */ = {
			isa = PBXNativeTarget;
			buildConfigurationList = AD95019528649BD8004F7836 /* Build configuration list for PBXNativeTarget "BuildTinderApp" */;
			buildPhases = (
				AD95018328649BD7004F7836 /* Sources */,
				AD95018428649BD7004F7836 /* Frameworks */,
				AD95018528649BD7004F7836 /* Resources */,
			);
			buildRules = (
			);
			dependencies = (
			);
			name = BuildTinderApp;
			packageProductDependencies = (
				AD0ABBC528666AB100736753 /* Kingfisher */,
			);
			productName = BuildTinderApp;
			productReference = AD95018728649BD7004F7836 /* BuildTinderApp.app */;
			productType = "com.apple.product-type.application";
		};
/* End PBXNativeTarget section */

/* Begin PBXProject section */
		AD95017F28649BD7004F7836 /* Project object */ = {
			isa = PBXProject;
			attributes = {
				BuildIndependentTargetsInParallel = 1;
				LastSwiftUpdateCheck = 1340;
				LastUpgradeCheck = 1340;
				TargetAttributes = {
					AD95018628649BD7004F7836 = {
						CreatedOnToolsVersion = 13.4.1;
					};
				};
			};
			buildConfigurationList = AD95018228649BD7004F7836 /* Build configuration list for PBXProject "BuildTinderApp" */;
			compatibilityVersion = "Xcode 13.0";
			developmentRegion = en;
			hasScannedForEncodings = 0;
			knownRegions = (
				en,
				Base,
			);
			mainGroup = AD95017E28649BD7004F7836;
			packageReferences = (
				AD0ABBC428666AB100736753 /* XCRemoteSwiftPackageReference "Kingfisher" */,
			);
			productRefGroup = AD95018828649BD7004F7836 /* Products */;
			projectDirPath = "";
			projectRoot = "";
			targets = (
				AD95018628649BD7004F7836 /* BuildTinderApp */,
			);
		};
/* End PBXProject section */

/* Begin PBXResourcesBuildPhase section */
		AD95018528649BD7004F7836 /* Resources */ = {
			isa = PBXResourcesBuildPhase;
			buildActionMask = 2147483647;
			files = (
				AD95019228649BD8004F7836 /* Preview Assets.xcassets in Resources */,
				AD95018F28649BD8004F7836 /* Assets.xcassets in Resources */,
			);
			runOnlyForDeploymentPostprocessing = 0;
		};
/* End PBXResourcesBuildPhase section */

/* Begin PBXSourcesBuildPhase section */
		AD95018328649BD7004F7836 /* Sources */ = {
			isa = PBXSourcesBuildPhase;
			buildActionMask = 2147483647;
			files = (
				AD95019D2864A047004F7836 /* TabBarButtonView.swift in Sources */,
				AD86A0272871B1AF003AC461 /* ChatManager.swift in Sources */,
				AD5D580D286C516D008DD98F /* MessageListView.swift in Sources */,
				AD0ABBC328666A0600736753 /* RoundedImage.swift in Sources */,
				AD782B40286CFCEB000044CB /* PersonSquare.swift in Sources */,
				AD2EC4232865E45A00E951B3 /* Extensions.swift in Sources */,
				AD86A0242871AEA5003AC461 /* PurchasePopup.swift in Sources */,
				AD78E985286B1F49002DCA6A /* ChatViewHeader.swift in Sources */,
				AD1A9F20286F2F6C00F4641B /* MatchesView.swift in Sources */,
				AD5DDA28286C820A00477914 /* MessageRowView.swift in Sources */,
				AD95018D28649BD7004F7836 /* ContentView.swift in Sources */,
				AD5D580F286C51CF008DD98F /* MessageListVM.swift in Sources */,
				AD14634728756F8200D37BA0 /* Subscription.swift in Sources */,
				ADA3FC12286893D5006A2417 /* Person.swift in Sources */,
				ADA3FC162868977C006A2417 /* MessageView.swift in Sources */,
				AD7954A8286703F900DF4C54 /* ProfileSwipePromo.swift in Sources */,
				AD64A7172869DE9B007F841D /* ChatView.swift in Sources */,
				AD95019B28649ECC004F7836 /* MainView.swift in Sources */,
				AD95018B28649BD7004F7836 /* BuildTinderAppApp.swift in Sources */,
				ADAB3F42287569C30053C9F4 /* PurchaseOptionView.swift in Sources */,
				AD9E86E628688F7E00058074 /* Message.swift in Sources */,
				AD6A71C328755EBC005BD908 /* PurchaseSwipePromo.swift in Sources */,
				AD0ABBC0286666E900736753 /* ProfileView.swift in Sources */,
				AD0E321B286CDA82001AD9CC /* LikesView.swift in Sources */,
				AD2EC4212865E18B00E951B3 /* AppStateManager.swift in Sources */,
				AD0E3216286CD81B001AD9CC /* UserManager.swift in Sources */,
				AD1A9F1E286F2C2900F4641B /* TopPicksView.swift in Sources */,
				ADA3FC1428689676006A2417 /* MessagePreview.swift in Sources */,
				AD0E3218286CD87A001AD9CC /* User.swift in Sources */,
			);
			runOnlyForDeploymentPostprocessing = 0;
		};
/* End PBXSourcesBuildPhase section */

/* Begin XCBuildConfiguration section */
		AD95019328649BD8004F7836 /* Debug */ = {
			isa = XCBuildConfiguration;
			buildSettings = {
				ALWAYS_SEARCH_USER_PATHS = NO;
				CLANG_ANALYZER_NONNULL = YES;
				CLANG_ANALYZER_NUMBER_OBJECT_CONVERSION = YES_AGGRESSIVE;
				CLANG_CXX_LANGUAGE_STANDARD = "gnu++17";
				CLANG_ENABLE_MODULES = YES;
				CLANG_ENABLE_OBJC_ARC = YES;
				CLANG_ENABLE_OBJC_WEAK = YES;
				CLANG_WARN_BLOCK_CAPTURE_AUTORELEASING = YES;
				CLANG_WARN_BOOL_CONVERSION = YES;
				CLANG_WARN_COMMA = YES;
				CLANG_WARN_CONSTANT_CONVERSION = YES;
				CLANG_WARN_DEPRECATED_OBJC_IMPLEMENTATIONS = YES;
				CLANG_WARN_DIRECT_OBJC_ISA_USAGE = YES_ERROR;
				CLANG_WARN_DOCUMENTATION_COMMENTS = YES;
				CLANG_WARN_EMPTY_BODY = YES;
				CLANG_WARN_ENUM_CONVERSION = YES;
				CLANG_WARN_INFINITE_RECURSION = YES;
				CLANG_WARN_INT_CONVERSION = YES;
				CLANG_WARN_NON_LITERAL_NULL_CONVERSION = YES;
				CLANG_WARN_OBJC_IMPLICIT_RETAIN_SELF = YES;
				CLANG_WARN_OBJC_LITERAL_CONVERSION = YES;
				CLANG_WARN_OBJC_ROOT_CLASS = YES_ERROR;
				CLANG_WARN_QUOTED_INCLUDE_IN_FRAMEWORK_HEADER = YES;
				CLANG_WARN_RANGE_LOOP_ANALYSIS = YES;
				CLANG_WARN_STRICT_PROTOTYPES = YES;
				CLANG_WARN_SUSPICIOUS_MOVE = YES;
				CLANG_WARN_UNGUARDED_AVAILABILITY = YES_AGGRESSIVE;
				CLANG_WARN_UNREACHABLE_CODE = YES;
				CLANG_WARN__DUPLICATE_METHOD_MATCH = YES;
				COPY_PHASE_STRIP = NO;
				DEBUG_INFORMATION_FORMAT = dwarf;
				ENABLE_STRICT_OBJC_MSGSEND = YES;
				ENABLE_TESTABILITY = YES;
				GCC_C_LANGUAGE_STANDARD = gnu11;
				GCC_DYNAMIC_NO_PIC = NO;
				GCC_NO_COMMON_BLOCKS = YES;
				GCC_OPTIMIZATION_LEVEL = 0;
				GCC_PREPROCESSOR_DEFINITIONS = (
					"DEBUG=1",
					"$(inherited)",
				);
				GCC_WARN_64_TO_32_BIT_CONVERSION = YES;
				GCC_WARN_ABOUT_RETURN_TYPE = YES_ERROR;
				GCC_WARN_UNDECLARED_SELECTOR = YES;
				GCC_WARN_UNINITIALIZED_AUTOS = YES_AGGRESSIVE;
				GCC_WARN_UNUSED_FUNCTION = YES;
				GCC_WARN_UNUSED_VARIABLE = YES;
				IPHONEOS_DEPLOYMENT_TARGET = 15.5;
				MTL_ENABLE_DEBUG_INFO = INCLUDE_SOURCE;
				MTL_FAST_MATH = YES;
				ONLY_ACTIVE_ARCH = YES;
				SDKROOT = iphoneos;
				SWIFT_ACTIVE_COMPILATION_CONDITIONS = DEBUG;
				SWIFT_OPTIMIZATION_LEVEL = "-Onone";
			};
			name = Debug;
		};
		AD95019428649BD8004F7836 /* Release */ = {
			isa = XCBuildConfiguration;
			buildSettings = {
				ALWAYS_SEARCH_USER_PATHS = NO;
				CLANG_ANALYZER_NONNULL = YES;
				CLANG_ANALYZER_NUMBER_OBJECT_CONVERSION = YES_AGGRESSIVE;
				CLANG_CXX_LANGUAGE_STANDARD = "gnu++17";
				CLANG_ENABLE_MODULES = YES;
				CLANG_ENABLE_OBJC_ARC = YES;
				CLANG_ENABLE_OBJC_WEAK = YES;
				CLANG_WARN_BLOCK_CAPTURE_AUTORELEASING = YES;
				CLANG_WARN_BOOL_CONVERSION = YES;
				CLANG_WARN_COMMA = YES;
				CLANG_WARN_CONSTANT_CONVERSION = YES;
				CLANG_WARN_DEPRECATED_OBJC_IMPLEMENTATIONS = YES;
				CLANG_WARN_DIRECT_OBJC_ISA_USAGE = YES_ERROR;
				CLANG_WARN_DOCUMENTATION_COMMENTS = YES;
				CLANG_WARN_EMPTY_BODY = YES;
				CLANG_WARN_ENUM_CONVERSION = YES;
				CLANG_WARN_INFINITE_RECURSION = YES;
				CLANG_WARN_INT_CONVERSION = YES;
				CLANG_WARN_NON_LITERAL_NULL_CONVERSION = YES;
				CLANG_WARN_OBJC_IMPLICIT_RETAIN_SELF = YES;
				CLANG_WARN_OBJC_LITERAL_CONVERSION = YES;
				CLANG_WARN_OBJC_ROOT_CLASS = YES_ERROR;
				CLANG_WARN_QUOTED_INCLUDE_IN_FRAMEWORK_HEADER = YES;
				CLANG_WARN_RANGE_LOOP_ANALYSIS = YES;
				CLANG_WARN_STRICT_PROTOTYPES = YES;
				CLANG_WARN_SUSPICIOUS_MOVE = YES;
				CLANG_WARN_UNGUARDED_AVAILABILITY = YES_AGGRESSIVE;
				CLANG_WARN_UNREACHABLE_CODE = YES;
				CLANG_WARN__DUPLICATE_METHOD_MATCH = YES;
				COPY_PHASE_STRIP = NO;
				DEBUG_INFORMATION_FORMAT = "dwarf-with-dsym";
				ENABLE_NS_ASSERTIONS = NO;
				ENABLE_STRICT_OBJC_MSGSEND = YES;
				GCC_C_LANGUAGE_STANDARD = gnu11;
				GCC_NO_COMMON_BLOCKS = YES;
				GCC_WARN_64_TO_32_BIT_CONVERSION = YES;
				GCC_WARN_ABOUT_RETURN_TYPE = YES_ERROR;
				GCC_WARN_UNDECLARED_SELECTOR = YES;
				GCC_WARN_UNINITIALIZED_AUTOS = YES_AGGRESSIVE;
				GCC_WARN_UNUSED_FUNCTION = YES;
				GCC_WARN_UNUSED_VARIABLE = YES;
				IPHONEOS_DEPLOYMENT_TARGET = 15.5;
				MTL_ENABLE_DEBUG_INFO = NO;
				MTL_FAST_MATH = YES;
				SDKROOT = iphoneos;
				SWIFT_COMPILATION_MODE = wholemodule;
				SWIFT_OPTIMIZATION_LEVEL = "-O";
				VALIDATE_PRODUCT = YES;
			};
			name = Release;
		};
		AD95019628649BD8004F7836 /* Debug */ = {
			isa = XCBuildConfiguration;
			buildSettings = {
				ASSETCATALOG_COMPILER_APPICON_NAME = AppIcon;
				ASSETCATALOG_COMPILER_GLOBAL_ACCENT_COLOR_NAME = AccentColor;
				CODE_SIGN_STYLE = Automatic;
				CURRENT_PROJECT_VERSION = 1;
				DEVELOPMENT_ASSET_PATHS = "\"BuildTinderApp/Preview Content\"";
				DEVELOPMENT_TEAM = XW758S68BG;
				ENABLE_PREVIEWS = YES;
				GENERATE_INFOPLIST_FILE = YES;
				INFOPLIST_KEY_UIApplicationSceneManifest_Generation = YES;
				INFOPLIST_KEY_UIApplicationSupportsIndirectInputEvents = YES;
				INFOPLIST_KEY_UILaunchScreen_Generation = YES;
				INFOPLIST_KEY_UISupportedInterfaceOrientations_iPad = "UIInterfaceOrientationPortrait UIInterfaceOrientationPortraitUpsideDown UIInterfaceOrientationLandscapeLeft UIInterfaceOrientationLandscapeRight";
				INFOPLIST_KEY_UISupportedInterfaceOrientations_iPhone = "UIInterfaceOrientationPortrait UIInterfaceOrientationLandscapeLeft UIInterfaceOrientationLandscapeRight";
				LD_RUNPATH_SEARCH_PATHS = (
					"$(inherited)",
					"@executable_path/Frameworks",
				);
				MARKETING_VERSION = 1.0;
				PRODUCT_BUNDLE_IDENTIFIER = com.mrxx7.BuildTinderApp;
				PRODUCT_NAME = "$(TARGET_NAME)";
				SWIFT_EMIT_LOC_STRINGS = YES;
				SWIFT_VERSION = 5.0;
				TARGETED_DEVICE_FAMILY = "1,2";
			};
			name = Debug;
		};
		AD95019728649BD8004F7836 /* Release */ = {
			isa = XCBuildConfiguration;
			buildSettings = {
				ASSETCATALOG_COMPILER_APPICON_NAME = AppIcon;
				ASSETCATALOG_COMPILER_GLOBAL_ACCENT_COLOR_NAME = AccentColor;
				CODE_SIGN_STYLE = Automatic;
				CURRENT_PROJECT_VERSION = 1;
				DEVELOPMENT_ASSET_PATHS = "\"BuildTinderApp/Preview Content\"";
				DEVELOPMENT_TEAM = XW758S68BG;
				ENABLE_PREVIEWS = YES;
				GENERATE_INFOPLIST_FILE = YES;
				INFOPLIST_KEY_UIApplicationSceneManifest_Generation = YES;
				INFOPLIST_KEY_UIApplicationSupportsIndirectInputEvents = YES;
				INFOPLIST_KEY_UILaunchScreen_Generation = YES;
				INFOPLIST_KEY_UISupportedInterfaceOrientations_iPad = "UIInterfaceOrientationPortrait UIInterfaceOrientationPortraitUpsideDown UIInterfaceOrientationLandscapeLeft UIInterfaceOrientationLandscapeRight";
				INFOPLIST_KEY_UISupportedInterfaceOrientations_iPhone = "UIInterfaceOrientationPortrait UIInterfaceOrientationLandscapeLeft UIInterfaceOrientationLandscapeRight";
				LD_RUNPATH_SEARCH_PATHS = (
					"$(inherited)",
					"@executable_path/Frameworks",
				);
				MARKETING_VERSION = 1.0;
				PRODUCT_BUNDLE_IDENTIFIER = com.mrxx7.BuildTinderApp;
				PRODUCT_NAME = "$(TARGET_NAME)";
				SWIFT_EMIT_LOC_STRINGS = YES;
				SWIFT_VERSION = 5.0;
				TARGETED_DEVICE_FAMILY = "1,2";
			};
			name = Release;
		};
/* End XCBuildConfiguration section */

/* Begin XCConfigurationList section */
		AD95018228649BD7004F7836 /* Build configuration list for PBXProject "BuildTinderApp" */ = {
			isa = XCConfigurationList;
			buildConfigurations = (
				AD95019328649BD8004F7836 /* Debug */,
				AD95019428649BD8004F7836 /* Release */,
			);
			defaultConfigurationIsVisible = 0;
			defaultConfigurationName = Release;
		};
		AD95019528649BD8004F7836 /* Build configuration list for PBXNativeTarget "BuildTinderApp" */ = {
			isa = XCConfigurationList;
			buildConfigurations = (
				AD95019628649BD8004F7836 /* Debug */,
				AD95019728649BD8004F7836 /* Release */,
			);
			defaultConfigurationIsVisible = 0;
			defaultConfigurationName = Release;
		};
/* End XCConfigurationList section */

/* Begin XCRemoteSwiftPackageReference section */
		AD0ABBC428666AB100736753 /* XCRemoteSwiftPackageReference "Kingfisher" */ = {
			isa = XCRemoteSwiftPackageReference;
			repositoryURL = "https://github.com/onevcat/Kingfisher.git";
			requirement = {
				branch = master;
				kind = branch;
			};
		};
/* End XCRemoteSwiftPackageReference section */

/* Begin XCSwiftPackageProductDependency section */
		AD0ABBC528666AB100736753 /* Kingfisher */ = {
			isa = XCSwiftPackageProductDependency;
			package = AD0ABBC428666AB100736753 /* XCRemoteSwiftPackageReference "Kingfisher" */;
			productName = Kingfisher;
		};
/* End XCSwiftPackageProductDependency section */
	};
	rootObject = AD95017F28649BD7004F7836 /* Project object */;
}
